
Microsoft Visual Studio Solution File, Format Version 12.00
# Visual Studio Version 17
VisualStudioVersion = 17.3.32901.215
MinimumVisualStudioVersion = 10.0.40219.1
Project("{FAE04EC0-301F-11D3-BF4B-00C04F79EFBC}") = "Monogame Lesson 3 – Animation", "Monogame Lesson 3 – Animation\Monogame Lesson 3 – Animation.csproj", "{D87CC52B-362C-447A-919F-8B40EA26706A}"
EndProject
Global
	GlobalSection(SolutionConfigurationPlatforms) = preSolution
		Debug|Any CPU = Debug|Any CPU
		Release|Any CPU = Release|Any CPU
	EndGlobalSection
	GlobalSection(ProjectConfigurationPlatforms) = postSolution
		{D87CC52B-362C-447A-919F-8B40EA26706A}.Debug|Any CPU.ActiveCfg = Debug|Any CPU
		{D87CC52B-362C-447A-919F-8B40EA26706A}.Debug|Any CPU.Build.0 = Debug|Any CPU
		{D87CC52B-362C-447A-919F-8B40EA26706A}.Release|Any CPU.ActiveCfg = Release|Any CPU
		{D87CC52B-362C-447A-919F-8B40EA26706A}.Release|Any CPU.Build.0 = Release|Any CPU
	EndGlobalSection
	GlobalSection(SolutionProperties) = preSolution
		HideSolutionNode = FALSE
	EndGlobalSection
	GlobalSection(ExtensibilityGlobals) = postSolution
		SolutionGuid = {EBBA3D4D-2087-44DE-B010-9432A0090CC7}
	EndGlobalSection
EndGlobal
